# This file is generated by running "yarn install" inside your project.
# Manual changes might be lost - proceed with caution!

__metadata:
  version: 8
  cacheKey: 10c0

"@lottecode/lottecss@workspace:.":
  version: 0.0.0-use.local
  resolution: "@lottecode/lottecss@workspace:."
  dependencies:
    tailwindcss: "npm:^4.2.2"
  languageName: unknown
  linkType: soft

"tailwindcss@npm:^4.2.2":
  version: 4.2.2
  resolution: "tailwindcss@npm:4.2.2"
  checksum: 10c0/6eae8a125c35d504ba6c518d26ec64fba694ff4a9ab9b9cd9883050128e0b7afdf491388c472d9bed2624664c1c7d4a133d19b653151a6b52e6ce6953168a857
  languageName: node
  linkType: hard
